# This file is automatically @generated by Poetry 1.6.1 and should not be changed by hand.

[[package]]
name = "micropython-phew"
version = "0.0.3"
description = "A small webserver and templating library specifically designed for MicroPython on the Pico W."
optional = false
python-versions = "*"
files = [
    {file = "micropython-phew-0.0.3.tar.gz", hash = "sha256:ac2740e5f5b1cb26b6717846352c29d01717a13eef70c54a6a0e9c962cc99e24"},
]

[[package]]
name = "micropython-rp2-pico-w-stubs"
version = "1.20.0.post2"
description = "MicroPython stubs"
optional = false
python-versions = ">=3.8,<4.0"
files = [
    {file = "micropython_rp2_pico_w_stubs-1.20.0.post2-py3-none-any.whl", hash = "sha256:6e1995989534b5963ca0e2444f8b5845fe1ce39e090243307b7d7660bfc7ef8a"},
    {file = "micropython_rp2_pico_w_stubs-1.20.0.post2.tar.gz", hash = "sha256:3bede1c91e9e4c43807c0d8c29af6f90c8f12202ea3e725705c1830d991427f2"},
]

[package.dependencies]
micropython-stdlib-stubs = ">=0.9.0"

[[package]]
name = "micropython-stdlib-stubs"
version = "0.9.0"
description = "Reduced copy of typeshed's stdlib for use by MicroPython stub packages"
optional = false
python-versions = ">=3.8,<4.0"
files = [
    {file = "micropython-stdlib-stubs-0.9.0.tar.gz", hash = "sha256:35b2e95aacba7ca7955d8c4e01d6d9807b75945fd004ef8aedaa7c1d600069ec"},
    {file = "micropython_stdlib_stubs-0.9.0-py3-none-any.whl", hash = "sha256:0a9bb4c57b79a507371a26e56b05f3b238d1020077a55f55f6ebd1fa980d85ce"},
]

[[package]]
name = "pyserial"
version = "3.5"
description = "Python Serial Port Extension"
optional = false
python-versions = "*"
files = [
    {file = "pyserial-3.5-py2.py3-none-any.whl", hash = "sha256:c4451db6ba391ca6ca299fb3ec7bae67a5c55dde170964c7a14ceefec02f2cf0"},
    {file = "pyserial-3.5.tar.gz", hash = "sha256:3c77e014170dfffbd816e6ffc205e9842efb10be9f58ec16d3e8675b4925cddb"},
]

[package.extras]
cp2110 = ["hidapi"]

[metadata]
lock-version = "2.0"
python-versions = "^3.11"
content-hash = "285eb89dc8213e5448ce34cc1b9c48d91d243a719093e7ca373a00cb87c8ddae"
